
Microsoft Visual Studio Solution File, Format Version 12.00
# Visual Studio Express 2012 for Windows Desktop
Project("{FAE04EC0-301F-11D3-BF4B-00C04F79EFBC}") = "ProducerConsumer", "ProducerConsumer.csproj", "{E5113EC3-EDF6-4959-A408-11C92783965F}"
EndProject
Project("{FAE04EC0-301F-11D3-BF4B-00C04F79EFBC}") = "ProducerConsumer.Portable", "ProducerConsumer.Portable.csproj", "{DDC966AF-C527-4B78-A500-B45AC8ABF846}"
EndProject
Global
	GlobalSection(SolutionConfigurationPlatforms) = preSolution
		Debug|Any CPU = Debug|Any CPU
		Release|Any CPU = Release|Any CPU
	EndGlobalSection
	GlobalSection(ProjectConfigurationPlatforms) = postSolution
		{E5113EC3-EDF6-4959-A408-11C92783965F}.Debug|Any CPU.ActiveCfg = Debug|Any CPU
		{E5113EC3-EDF6-4959-A408-11C92783965F}.Debug|Any CPU.Build.0 = Debug|Any CPU
		{E5113EC3-EDF6-4959-A408-11C92783965F}.Release|Any CPU.ActiveCfg = Release|Any CPU
		{E5113EC3-EDF6-4959-A408-11C92783965F}.Release|Any CPU.Build.0 = Release|Any CPU
		{DDC966AF-C527-4B78-A500-B45AC8ABF846}.Debug|Any CPU.ActiveCfg = Debug|Any CPU
		{DDC966AF-C527-4B78-A500-B45AC8ABF846}.Debug|Any CPU.Build.0 = Debug|Any CPU
		{DDC966AF-C527-4B78-A500-B45AC8ABF846}.Release|Any CPU.ActiveCfg = Release|Any CPU
		{DDC966AF-C527-4B78-A500-B45AC8ABF846}.Release|Any CPU.Build.0 = Release|Any CPU
	EndGlobalSection
	GlobalSection(SolutionProperties) = preSolution
		HideSolutionNode = FALSE
	EndGlobalSection
EndGlobal
